schema: '2.0'
stages:
  data_ingestion:
    cmd: set PYTHONPATH=. && python src/data/data_ingestion.py
    deps:
    - path: src/data/data_ingestion.py
      hash: md5
      md5: 0d1261c573af9d8f7a083e151180cb42
      size: 3051
    params:
      params.yaml:
        data_ingestion.test_size: 0.25
    outs:
    - path: data/raw
      hash: md5
      md5: 4cb13be77d38db01f1457549ce0e0406.dir
      size: 649243
      nfiles: 2
  data_preprocessing:
    cmd: set PYTHONPATH=. && python src/data/data_preprocessing.py
    deps:
    - path: data/raw
      hash: md5
      md5: 4cb13be77d38db01f1457549ce0e0406.dir
      size: 649243
      nfiles: 2
    - path: src/data/data_preprocessing.py
      hash: md5
      md5: dc0511142741c5f4932a1aebd308749e
      size: 2183
    outs:
    - path: data/interim
      hash: md5
      md5: c0e208d3785394341e5cd23dda03d356.dir
      size: 403725
      nfiles: 2
  feature_engineering:
    cmd: set PYTHONPATH=. && python src/features/feature_engineering.py
    deps:
    - path: data/interim
      hash: md5
      md5: c0e208d3785394341e5cd23dda03d356.dir
      size: 403725
      nfiles: 2
    - path: src/features/feature_engineering.py
      hash: md5
      md5: 5998d515d1f4b23c53e625c621960aed
      size: 3349
    params:
      params.yaml:
        feature_engineering.max_features: 5000
    outs:
    - path: data/processed
      hash: md5
      md5: 0a94d25c1ff17298813faa77010b28a2.dir
      size: 5049405
      nfiles: 2
    - path: models/vectorizer.pkl
      hash: md5
      md5: 3a6b4fd8c995608b35288d40ffc0a9ab
      size: 123191
  model_building:
    cmd: set PYTHONPATH=. && python src/model/model_building.py
    deps:
    - path: data/processed
      hash: md5
      md5: 0a94d25c1ff17298813faa77010b28a2.dir
      size: 5049405
      nfiles: 2
    - path: src/model/model_building.py
      hash: md5
      md5: ee4b94756da95744a365984994d7ffdf
      size: 1679
    outs:
    - path: models/model.pkl
      hash: md5
      md5: 5f9cb3d67b2a3e7d82ab8395992c896e
      size: 74731
  model_evaluation:
    cmd: set PYTHONPATH=. && python src/model/model_evaluation.py
    deps:
    - path: models/model.pkl
      hash: md5
      md5: 5f9cb3d67b2a3e7d82ab8395992c896e
      size: 74731
    - path: src/model/model_evaluation.py
      hash: md5
      md5: 26ddb57f540666ed976e3865464acacf
      size: 5417
    outs:
    - path: reports/experiment_info.json
      hash: md5
      md5: 921cd224728ba439a87a537214874df1
      size: 82
    - path: reports/metrics.json
      hash: md5
      md5: a2d019b5671029640c5b862e7794d2ed
      size: 116
  model_registration:
    cmd: set PYTHONPATH=. && python src/model/register_model.py
    deps:
    - path: reports/experiment_info.json
      hash: md5
      md5: 921cd224728ba439a87a537214874df1
      size: 82
    - path: src/model/register_model.py
      hash: md5
      md5: 923aea3639bda24d945acbd6841d95cb
      size: 3063
